
Microsoft Visual Studio Solution File, Format Version 12.00
# Visual Studio Version 17
VisualStudioVersion = 17.2.32602.215
MinimumVisualStudioVersion = 10.0.40219.1
Project("{FAE04EC0-301F-11D3-BF4B-00C04F79EFBC}") = "Portfolio", "Portfolio\Portfolio.csproj", "{7C6557E3-AA4A-4805-84B9-0286F888EF3D}"
EndProject
Global
	GlobalSection(SolutionConfigurationPlatforms) = preSolution
		Debug|Any CPU = Debug|Any CPU
		Release|Any CPU = Release|Any CPU
	EndGlobalSection
	GlobalSection(ProjectConfigurationPlatforms) = postSolution
		{7C6557E3-AA4A-4805-84B9-0286F888EF3D}.Debug|Any CPU.ActiveCfg = Debug|Any CPU
		{7C6557E3-AA4A-4805-84B9-0286F888EF3D}.Debug|Any CPU.Build.0 = Debug|Any CPU
		{7C6557E3-AA4A-4805-84B9-0286F888EF3D}.Release|Any CPU.ActiveCfg = Release|Any CPU
		{7C6557E3-AA4A-4805-84B9-0286F888EF3D}.Release|Any CPU.Build.0 = Release|Any CPU
	EndGlobalSection
	GlobalSection(SolutionProperties) = preSolution
		HideSolutionNode = FALSE
	EndGlobalSection
	GlobalSection(ExtensibilityGlobals) = postSolution
		SolutionGuid = {CE793456-4F0B-45B0-880B-0B40FA6A2CFF}
	EndGlobalSection
EndGlobal
